Microsoft Visual Studio Solution File, Format Version 12.00
# Visual Studio 2013
VisualStudioVersion = 12.0.31101.0
MinimumVisualStudioVersion = 10.0.40219.1
Project("{8BC9CEB8-8B4A-11D0-8D11-00A0C91BC942}") = "Audacity", "Projects\Audacity\Audacity.vcxproj", "{1D64095C-F936-4FCF-B609-56E9DDF941FA}"
EndProject
Project("{8BC9CEB8-8B4A-11D0-8D11-00A0C91BC942}") = "libflac", "Projects\libflac\libflac.vcxproj", "{6C7DC635-26FB-419A-B69A-7ECBBB068245}"
EndProject
Project("{8BC9CEB8-8B4A-11D0-8D11-00A0C91BC942}") = "libflac++", "Projects\libflac++\libflac++.vcxproj", "{B28C9F3F-FF0E-4FEC-844C-685390B8AC06}"
EndProject
Project("{8BC9CEB8-8B4A-11D0-8D11-00A0C91BC942}") = "libid3tag", "Projects\libid3tag\libid3tag.vcxproj", "{D96C7BE1-E3F1-4767-BBBB-320E082CE425}"
EndProject
Project("{8BC9CEB8-8B4A-11D0-8D11-00A0C91BC942}") = "libmad", "Projects\libmad\libmad.vcxproj", "{A52BBEA5-8B02-4147-8734-5D9BBF4D1177}"
EndProject
Project("{8BC9CEB8-8B4A-11D0-8D11-00A0C91BC942}") = "libsndfile", "Projects\libsndfile\libsndfile.vcxproj", "{F4B4A272-4ED3-4951-A6EE-B7BAAC1C4952}"
EndProject
Project("{8BC9CEB8-8B4A-11D0-8D11-00A0C91BC942}") = "libogg", "Projects\libogg\libogg.vcxproj", "{A939AAF8-44F1-4CE7-9DD0-7A6E99814857}"
EndProject
Project("{8BC9CEB8-8B4A-11D0-8D11-00A0C91BC942}") = "libvorbis", "Projects\libvorbis\libvorbis.vcxproj", "{727D6675-67EE-4D0B-9DC1-177A0AF741F0}"
EndProject
Project("{8BC9CEB8-8B4A-11D0-8D11-00A0C91BC942}") = "portaudio-v19", "Projects\portaudio-v19\portaudio-v19.vcxproj", "{7ABA0F80-94AE-4E82-AB89-2E1258212D59}"
EndProject
Project("{8BC9CEB8-8B4A-11D0-8D11-00A0C91BC942}") = "locale", "Projects\locale\locale.vcxproj", "{BE9F28C5-058A-45F5-B2C1-D077BC058AAE}"
EndProject
Project("{8BC9CEB8-8B4A-11D0-8D11-00A0C91BC942}") = "filedialog", "Projects\filedialog\filedialog.vcxproj", "{5284D863-3813-479F-BBF0-AC234E216BC6}"
EndProject
Project("{8BC9CEB8-8B4A-11D0-8D11-00A0C91BC942}") = "help", "Projects\help\help.vcxproj", "{02F94A40-586A-4403-8464-13B50801FFEC}"
EndProject
Project("{8BC9CEB8-8B4A-11D0-8D11-00A0C91BC942}") = "libsoxr", "Projects\libsoxr\libsoxr.vcxproj", "{AF9AD75C-4785-4432-BAC3-ADAB1E7F1192}"
EndProject
Project("{8BC9CEB8-8B4A-11D0-8D11-00A0C91BC942}") = "mod-script-pipe", "..\lib-src\mod-script-pipe\mod-script-pipe.vcxproj", "{85774A29-EA2F-4A40-994F-6BE593D847A5}"
EndProject
Global
	GlobalSection(SolutionConfigurationPlatforms) = preSolution
		Debug|Win32 = Debug|Win32
		Release|Win32 = Release|Win32
	EndGlobalSection
	GlobalSection(ProjectConfigurationPlatforms) = postSolution
		{1D64095C-F936-4FCF-B609-56E9DDF941FA}.Debug|Win32.ActiveCfg = Debug|Win32
		{1D64095C-F936-4FCF-B609-56E9DDF941FA}.Debug|Win32.Build.0 = Debug|Win32
		{1D64095C-F936-4FCF-B609-56E9DDF941FA}.Release|Win32.ActiveCfg = Release|Win32
		{1D64095C-F936-4FCF-B609-56E9DDF941FA}.Release|Win32.Build.0 = Release|Win32
		{6C7DC635-26FB-419A-B69A-7ECBBB068245}.Debug|Win32.ActiveCfg = Debug|Win32
		{6C7DC635-26FB-419A-B69A-7ECBBB068245}.Debug|Win32.Build.0 = Debug|Win32
		{6C7DC635-26FB-419A-B69A-7ECBBB068245}.Release|Win32.ActiveCfg = Release|Win32
		{6C7DC635-26FB-419A-B69A-7ECBBB068245}.Release|Win32.Build.0 = Release|Win32
		{B28C9F3F-FF0E-4FEC-844C-685390B8AC06}.Debug|Win32.ActiveCfg = Debug|Win32
		{B28C9F3F-FF0E-4FEC-844C-685390B8AC06}.Debug|Win32.Build.0 = Debug|Win32
		{B28C9F3F-FF0E-4FEC-844C-685390B8AC06}.Release|Win32.ActiveCfg = Release|Win32
		{B28C9F3F-FF0E-4FEC-844C-685390B8AC06}.Release|Win32.Build.0 = Release|Win32
		{D96C7BE1-E3F1-4767-BBBB-320E082CE425}.Debug|Win32.ActiveCfg = Debug|Win32
		{D96C7BE1-E3F1-4767-BBBB-320E082CE425}.Debug|Win32.Build.0 = Debug|Win32
		{D96C7BE1-E3F1-4767-BBBB-320E082CE425}.Release|Win32.ActiveCfg = Release|Win32
		{D96C7BE1-E3F1-4767-BBBB-320E082CE425}.Release|Win32.Build.0 = Release|Win32
		{A52BBEA5-8B02-4147-8734-5D9BBF4D1177}.Debug|Win32.ActiveCfg = Debug|Win32
		{A52BBEA5-8B02-4147-8734-5D9BBF4D1177}.Debug|Win32.Build.0 = Debug|Win32
		{A52BBEA5-8B02-4147-8734-5D9BBF4D1177}.Release|Win32.ActiveCfg = Release|Win32
		{A52BBEA5-8B02-4147-8734-5D9BBF4D1177}.Release|Win32.Build.0 = Release|Win32
		{F4B4A272-4ED3-4951-A6EE-B7BAAC1C4952}.Debug|Win32.ActiveCfg = Debug|Win32
		{F4B4A272-4ED3-4951-A6EE-B7BAAC1C4952}.Debug|Win32.Build.0 = Debug|Win32
		{F4B4A272-4ED3-4951-A6EE-B7BAAC1C4952}.Release|Win32.ActiveCfg = Release|Win32
		{F4B4A272-4ED3-4951-A6EE-B7BAAC1C4952}.Release|Win32.Build.0 = Release|Win32
		{A939AAF8-44F1-4CE7-9DD0-7A6E99814857}.Debug|Win32.ActiveCfg = Debug|Win32
		{A939AAF8-44F1-4CE7-9DD0-7A6E99814857}.Debug|Win32.Build.0 = Debug|Win32
		{A939AAF8-44F1-4CE7-9DD0-7A6E99814857}.Release|Win32.ActiveCfg = Release|Win32
		{A939AAF8-44F1-4CE7-9DD0-7A6E99814857}.Release|Win32.Build.0 = Release|Win32
		{727D6675-67EE-4D0B-9DC1-177A0AF741F0}.Debug|Win32.ActiveCfg = Debug|Win32
		{727D6675-67EE-4D0B-9DC1-177A0AF741F0}.Debug|Win32.Build.0 = Debug|Win32
		{727D6675-67EE-4D0B-9DC1-177A0AF741F0}.Release|Win32.ActiveCfg = Release|Win32
		{727D6675-67EE-4D0B-9DC1-177A0AF741F0}.Release|Win32.Build.0 = Release|Win32
		{7ABA0F80-94AE-4E82-AB89-2E1258212D59}.Debug|Win32.ActiveCfg = Debug|Win32
		{7ABA0F80-94AE-4E82-AB89-2E1258212D59}.Debug|Win32.Build.0 = Debug|Win32
		{7ABA0F80-94AE-4E82-AB89-2E1258212D59}.Release|Win32.ActiveCfg = Release|Win32
		{7ABA0F80-94AE-4E82-AB89-2E1258212D59}.Release|Win32.Build.0 = Release|Win32
		{BE9F28C5-058A-45F5-B2C1-D077BC058AAE}.Debug|Win32.ActiveCfg = Debug|Win32
		{BE9F28C5-058A-45F5-B2C1-D077BC058AAE}.Release|Win32.ActiveCfg = Release|Win32
		{BE9F28C5-058A-45F5-B2C1-D077BC058AAE}.Release|Win32.Build.0 = Release|Win32
		{5284D863-3813-479F-BBF0-AC234E216BC6}.Debug|Win32.ActiveCfg = Debug|Win32
		{5284D863-3813-479F-BBF0-AC234E216BC6}.Debug|Win32.Build.0 = Debug|Win32
		{5284D863-3813-479F-BBF0-AC234E216BC6}.Release|Win32.ActiveCfg = Release|Win32
		{5284D863-3813-479F-BBF0-AC234E216BC6}.Release|Win32.Build.0 = Release|Win32
		{02F94A40-586A-4403-8464-13B50801FFEC}.Debug|Win32.ActiveCfg = Debug|Win32
		{02F94A40-586A-4403-8464-13B50801FFEC}.Release|Win32.ActiveCfg = Release|Win32
		{AF9AD75C-4785-4432-BAC3-ADAB1E7F1192}.Debug|Win32.ActiveCfg = Debug|Win32
		{AF9AD75C-4785-4432-BAC3-ADAB1E7F1192}.Debug|Win32.Build.0 = Debug|Win32
		{AF9AD75C-4785-4432-BAC3-ADAB1E7F1192}.Release|Win32.ActiveCfg = Release|Win32
		{AF9AD75C-4785-4432-BAC3-ADAB1E7F1192}.Release|Win32.Build.0 = Release|Win32
		{85774A29-EA2F-4A40-994F-6BE593D847A5}.Debug|Win32.ActiveCfg = Debug|Win32
		{85774A29-EA2F-4A40-994F-6BE593D847A5}.Debug|Win32.Build.0 = Debug|Win32
		{85774A29-EA2F-4A40-994F-6BE593D847A5}.Release|Win32.ActiveCfg = Release|Win32
		{85774A29-EA2F-4A40-994F-6BE593D847A5}.Release|Win32.Build.0 = Release|Win32
	EndGlobalSection
	GlobalSection(SolutionProperties) = preSolution
		HideSolutionNode = FALSE
	EndGlobalSection
	GlobalSection(ExtensibilityGlobals) = postSolution
		SolutionGuid = {48F6F343-F239-4EE3-9411-16E51A125684}
	EndGlobalSection
EndGlobal
